
Microsoft Visual Studio Solution File, Format Version 12.00
# Visual Studio Version 16
VisualStudioVersion = 16.0.30509.190
MinimumVisualStudioVersion = 10.0.40219.1
Project("{FAE04EC0-301F-11D3-BF4B-00C04F79EFBC}") = "BlazorProducts.Client", "BlazorProducts.Client\BlazorProducts.Client.csproj", "{D00FB5F5-268B-4AF8-9020-13F7D2C7E0D0}"
EndProject
Global
	GlobalSection(SolutionConfigurationPlatforms) = preSolution
		Debug|Any CPU = Debug|Any CPU
		Release|Any CPU = Release|Any CPU
	EndGlobalSection
	GlobalSection(ProjectConfigurationPlatforms) = postSolution
		{D00FB5F5-268B-4AF8-9020-13F7D2C7E0D0}.Debug|Any CPU.ActiveCfg = Debug|Any CPU
		{D00FB5F5-268B-4AF8-9020-13F7D2C7E0D0}.Debug|Any CPU.Build.0 = Debug|Any CPU
		{D00FB5F5-268B-4AF8-9020-13F7D2C7E0D0}.Release|Any CPU.ActiveCfg = Release|Any CPU
		{D00FB5F5-268B-4AF8-9020-13F7D2C7E0D0}.Release|Any CPU.Build.0 = Release|Any CPU
	EndGlobalSection
	GlobalSection(SolutionProperties) = preSolution
		HideSolutionNode = FALSE
	EndGlobalSection
	GlobalSection(ExtensibilityGlobals) = postSolution
		SolutionGuid = {FCCCE914-F1F8-4D59-BAF0-DF9723FC53AD}
	EndGlobalSection
EndGlobal
