
Microsoft Visual Studio Solution File, Format Version 12.00
# Visual Studio Version 16
VisualStudioVersion = 16.0.30516.212
MinimumVisualStudioVersion = 10.0.40219.1
Project("{9A19103F-16F7-4668-BE54-9A1E7A4F7556}") = "BlazorProducts.Client", "BlazorProducts.Client\BlazorProducts.Client.csproj", "{849009AB-41A1-41DB-8BAC-0AD4C53AB3C3}"
EndProject
Project("{9A19103F-16F7-4668-BE54-9A1E7A4F7556}") = "Entities", "..\BlazorProducts.Server\Entities\Entities.csproj", "{8B22C8FD-5C5D-4918-8409-0FCC6160B9E0}"
EndProject
Global
	GlobalSection(SolutionConfigurationPlatforms) = preSolution
		Debug|Any CPU = Debug|Any CPU
		Release|Any CPU = Release|Any CPU
	EndGlobalSection
	GlobalSection(ProjectConfigurationPlatforms) = postSolution
		{849009AB-41A1-41DB-8BAC-0AD4C53AB3C3}.Debug|Any CPU.ActiveCfg = Debug|Any CPU
		{849009AB-41A1-41DB-8BAC-0AD4C53AB3C3}.Debug|Any CPU.Build.0 = Debug|Any CPU
		{849009AB-41A1-41DB-8BAC-0AD4C53AB3C3}.Release|Any CPU.ActiveCfg = Release|Any CPU
		{849009AB-41A1-41DB-8BAC-0AD4C53AB3C3}.Release|Any CPU.Build.0 = Release|Any CPU
		{8B22C8FD-5C5D-4918-8409-0FCC6160B9E0}.Debug|Any CPU.ActiveCfg = Debug|Any CPU
		{8B22C8FD-5C5D-4918-8409-0FCC6160B9E0}.Debug|Any CPU.Build.0 = Debug|Any CPU
		{8B22C8FD-5C5D-4918-8409-0FCC6160B9E0}.Release|Any CPU.ActiveCfg = Release|Any CPU
		{8B22C8FD-5C5D-4918-8409-0FCC6160B9E0}.Release|Any CPU.Build.0 = Release|Any CPU
	EndGlobalSection
	GlobalSection(SolutionProperties) = preSolution
		HideSolutionNode = FALSE
	EndGlobalSection
	GlobalSection(ExtensibilityGlobals) = postSolution
		SolutionGuid = {A9141C77-169A-4439-9158-964DB71C0559}
	EndGlobalSection
EndGlobal
